
Microsoft Visual Studio Solution File, Format Version 12.00
# Visual Studio Version 17
VisualStudioVersion = 17.12.35527.113
MinimumVisualStudioVersion = 10.0.40219.1
Project("{8BC9CEB8-8B4A-11D0-8D11-00A0C91BC942}") = "Beginning topic 4 - selection", "Beginning topic 4 - selection\Beginning topic 4 - selection.vcxproj", "{1C613821-B2E5-4DEB-A879-F257761CD0C9}"
EndProject
Project("{8BC9CEB8-8B4A-11D0-8D11-00A0C91BC942}") = "Continuing Topic 4", "ConsoleApplication1\ConsoleApplication1.vcxproj", "{B22E2D26-509B-42C9-80BF-EE97412B842F}"
EndProject
Project("{8BC9CEB8-8B4A-11D0-8D11-00A0C91BC942}") = "Even MORE topic 4 - on Feb 6", "Even MORE topic 4 - on Feb 6\Even MORE topic 4 - on Feb 6.vcxproj", "{B4130D43-1EED-4EBC-913C-EE63743B5ED1}"
EndProject
Project("{8BC9CEB8-8B4A-11D0-8D11-00A0C91BC942}") = "Some code review on Feb 6", "Some code review on Feb 6\Some code review on Feb 6.vcxproj", "{CBB0B05A-875B-4276-914F-A64427E9165C}"
EndProject
Project("{8BC9CEB8-8B4A-11D0-8D11-00A0C91BC942}") = "DemoingEnumsAndSwitch", "DemoingEnumsAndSwitch\DemoingEnumsAndSwitch.vcxproj", "{D88C7820-F532-477E-96E0-0B3E16E4C27F}"
EndProject
Project("{8BC9CEB8-8B4A-11D0-8D11-00A0C91BC942}") = "One student submission of the discount determination program", "One student submission of the discount determination program\One student submission of the discount determination program.vcxproj", "{9C4655D4-1B4F-4C2E-A58F-0C66A9F1B98F}"
EndProject
Project("{8BC9CEB8-8B4A-11D0-8D11-00A0C91BC942}") = "FinishingUpTopic4", "FinishingUpTopic4\FinishingUpTopic4.vcxproj", "{47B64FA3-CD16-438C-8582-99A4CD7583DA}"
EndProject
Global
	GlobalSection(SolutionConfigurationPlatforms) = preSolution
		Debug|x64 = Debug|x64
		Debug|x86 = Debug|x86
		Release|x64 = Release|x64
		Release|x86 = Release|x86
	EndGlobalSection
	GlobalSection(ProjectConfigurationPlatforms) = postSolution
		{1C613821-B2E5-4DEB-A879-F257761CD0C9}.Debug|x64.ActiveCfg = Debug|x64
		{1C613821-B2E5-4DEB-A879-F257761CD0C9}.Debug|x64.Build.0 = Debug|x64
		{1C613821-B2E5-4DEB-A879-F257761CD0C9}.Debug|x86.ActiveCfg = Debug|Win32
		{1C613821-B2E5-4DEB-A879-F257761CD0C9}.Debug|x86.Build.0 = Debug|Win32
		{1C613821-B2E5-4DEB-A879-F257761CD0C9}.Release|x64.ActiveCfg = Release|x64
		{1C613821-B2E5-4DEB-A879-F257761CD0C9}.Release|x64.Build.0 = Release|x64
		{1C613821-B2E5-4DEB-A879-F257761CD0C9}.Release|x86.ActiveCfg = Release|Win32
		{1C613821-B2E5-4DEB-A879-F257761CD0C9}.Release|x86.Build.0 = Release|Win32
		{B22E2D26-509B-42C9-80BF-EE97412B842F}.Debug|x64.ActiveCfg = Debug|x64
		{B22E2D26-509B-42C9-80BF-EE97412B842F}.Debug|x64.Build.0 = Debug|x64
		{B22E2D26-509B-42C9-80BF-EE97412B842F}.Debug|x86.ActiveCfg = Debug|Win32
		{B22E2D26-509B-42C9-80BF-EE97412B842F}.Debug|x86.Build.0 = Debug|Win32
		{B22E2D26-509B-42C9-80BF-EE97412B842F}.Release|x64.ActiveCfg = Release|x64
		{B22E2D26-509B-42C9-80BF-EE97412B842F}.Release|x64.Build.0 = Release|x64
		{B22E2D26-509B-42C9-80BF-EE97412B842F}.Release|x86.ActiveCfg = Release|Win32
		{B22E2D26-509B-42C9-80BF-EE97412B842F}.Release|x86.Build.0 = Release|Win32
		{B4130D43-1EED-4EBC-913C-EE63743B5ED1}.Debug|x64.ActiveCfg = Debug|x64
		{B4130D43-1EED-4EBC-913C-EE63743B5ED1}.Debug|x64.Build.0 = Debug|x64
		{B4130D43-1EED-4EBC-913C-EE63743B5ED1}.Debug|x86.ActiveCfg = Debug|Win32
		{B4130D43-1EED-4EBC-913C-EE63743B5ED1}.Debug|x86.Build.0 = Debug|Win32
		{B4130D43-1EED-4EBC-913C-EE63743B5ED1}.Release|x64.ActiveCfg = Release|x64
		{B4130D43-1EED-4EBC-913C-EE63743B5ED1}.Release|x64.Build.0 = Release|x64
		{B4130D43-1EED-4EBC-913C-EE63743B5ED1}.Release|x86.ActiveCfg = Release|Win32
		{B4130D43-1EED-4EBC-913C-EE63743B5ED1}.Release|x86.Build.0 = Release|Win32
		{CBB0B05A-875B-4276-914F-A64427E9165C}.Debug|x64.ActiveCfg = Debug|x64
		{CBB0B05A-875B-4276-914F-A64427E9165C}.Debug|x64.Build.0 = Debug|x64
		{CBB0B05A-875B-4276-914F-A64427E9165C}.Debug|x86.ActiveCfg = Debug|Win32
		{CBB0B05A-875B-4276-914F-A64427E9165C}.Debug|x86.Build.0 = Debug|Win32
		{CBB0B05A-875B-4276-914F-A64427E9165C}.Release|x64.ActiveCfg = Release|x64
		{CBB0B05A-875B-4276-914F-A64427E9165C}.Release|x64.Build.0 = Release|x64
		{CBB0B05A-875B-4276-914F-A64427E9165C}.Release|x86.ActiveCfg = Release|Win32
		{CBB0B05A-875B-4276-914F-A64427E9165C}.Release|x86.Build.0 = Release|Win32
		{D88C7820-F532-477E-96E0-0B3E16E4C27F}.Debug|x64.ActiveCfg = Debug|x64
		{D88C7820-F532-477E-96E0-0B3E16E4C27F}.Debug|x64.Build.0 = Debug|x64
		{D88C7820-F532-477E-96E0-0B3E16E4C27F}.Debug|x86.ActiveCfg = Debug|Win32
		{D88C7820-F532-477E-96E0-0B3E16E4C27F}.Debug|x86.Build.0 = Debug|Win32
		{D88C7820-F532-477E-96E0-0B3E16E4C27F}.Release|x64.ActiveCfg = Release|x64
		{D88C7820-F532-477E-96E0-0B3E16E4C27F}.Release|x64.Build.0 = Release|x64
		{D88C7820-F532-477E-96E0-0B3E16E4C27F}.Release|x86.ActiveCfg = Release|Win32
		{D88C7820-F532-477E-96E0-0B3E16E4C27F}.Release|x86.Build.0 = Release|Win32
		{9C4655D4-1B4F-4C2E-A58F-0C66A9F1B98F}.Debug|x64.ActiveCfg = Debug|x64
		{9C4655D4-1B4F-4C2E-A58F-0C66A9F1B98F}.Debug|x64.Build.0 = Debug|x64
		{9C4655D4-1B4F-4C2E-A58F-0C66A9F1B98F}.Debug|x86.ActiveCfg = Debug|Win32
		{9C4655D4-1B4F-4C2E-A58F-0C66A9F1B98F}.Debug|x86.Build.0 = Debug|Win32
		{9C4655D4-1B4F-4C2E-A58F-0C66A9F1B98F}.Release|x64.ActiveCfg = Release|x64
		{9C4655D4-1B4F-4C2E-A58F-0C66A9F1B98F}.Release|x64.Build.0 = Release|x64
		{9C4655D4-1B4F-4C2E-A58F-0C66A9F1B98F}.Release|x86.ActiveCfg = Release|Win32
		{9C4655D4-1B4F-4C2E-A58F-0C66A9F1B98F}.Release|x86.Build.0 = Release|Win32
		{47B64FA3-CD16-438C-8582-99A4CD7583DA}.Debug|x64.ActiveCfg = Debug|x64
		{47B64FA3-CD16-438C-8582-99A4CD7583DA}.Debug|x64.Build.0 = Debug|x64
		{47B64FA3-CD16-438C-8582-99A4CD7583DA}.Debug|x86.ActiveCfg = Debug|Win32
		{47B64FA3-CD16-438C-8582-99A4CD7583DA}.Debug|x86.Build.0 = Debug|Win32
		{47B64FA3-CD16-438C-8582-99A4CD7583DA}.Release|x64.ActiveCfg = Release|x64
		{47B64FA3-CD16-438C-8582-99A4CD7583DA}.Release|x64.Build.0 = Release|x64
		{47B64FA3-CD16-438C-8582-99A4CD7583DA}.Release|x86.ActiveCfg = Release|Win32
		{47B64FA3-CD16-438C-8582-99A4CD7583DA}.Release|x86.Build.0 = Release|Win32
	EndGlobalSection
	GlobalSection(SolutionProperties) = preSolution
		HideSolutionNode = FALSE
	EndGlobalSection
EndGlobal
